
Microsoft Visual Studio Solution File, Format Version 12.00
# Visual Studio Version 17
VisualStudioVersion = 17.0.32014.148
MinimumVisualStudioVersion = 10.0.40219.1
Project("{FAE04EC0-301F-11D3-BF4B-00C04F79EFBC}") = "IENumerableBARS", "IENumerableBARS\IENumerableBARS.csproj", "{60969B72-F4AE-4D95-B67A-5660CC37A815}"
EndProject
Global
	GlobalSection(SolutionConfigurationPlatforms) = preSolution
		Debug|Any CPU = Debug|Any CPU
		Release|Any CPU = Release|Any CPU
	EndGlobalSection
	GlobalSection(ProjectConfigurationPlatforms) = postSolution
		{60969B72-F4AE-4D95-B67A-5660CC37A815}.Debug|Any CPU.ActiveCfg = Debug|Any CPU
		{60969B72-F4AE-4D95-B67A-5660CC37A815}.Debug|Any CPU.Build.0 = Debug|Any CPU
		{60969B72-F4AE-4D95-B67A-5660CC37A815}.Release|Any CPU.ActiveCfg = Release|Any CPU
		{60969B72-F4AE-4D95-B67A-5660CC37A815}.Release|Any CPU.Build.0 = Release|Any CPU
	EndGlobalSection
	GlobalSection(SolutionProperties) = preSolution
		HideSolutionNode = FALSE
	EndGlobalSection
	GlobalSection(ExtensibilityGlobals) = postSolution
		SolutionGuid = {497389CF-80FE-4B5C-BA9E-B6BDE7EC9F38}
	EndGlobalSection
EndGlobal
