
Microsoft Visual Studio Solution File, Format Version 12.00
# Visual Studio Version 17
VisualStudioVersion = 17.0.32014.148
MinimumVisualStudioVersion = 10.0.40219.1
Project("{FAE04EC0-301F-11D3-BF4B-00C04F79EFBC}") = "LoggerBARS", "LoggerBARS\LoggerBARS.csproj", "{8B3174FF-B60C-4FD2-BB3D-DBC58610EA32}"
EndProject
Global
	GlobalSection(SolutionConfigurationPlatforms) = preSolution
		Debug|Any CPU = Debug|Any CPU
		Release|Any CPU = Release|Any CPU
	EndGlobalSection
	GlobalSection(ProjectConfigurationPlatforms) = postSolution
		{8B3174FF-B60C-4FD2-BB3D-DBC58610EA32}.Debug|Any CPU.ActiveCfg = Debug|Any CPU
		{8B3174FF-B60C-4FD2-BB3D-DBC58610EA32}.Debug|Any CPU.Build.0 = Debug|Any CPU
		{8B3174FF-B60C-4FD2-BB3D-DBC58610EA32}.Release|Any CPU.ActiveCfg = Release|Any CPU
		{8B3174FF-B60C-4FD2-BB3D-DBC58610EA32}.Release|Any CPU.Build.0 = Release|Any CPU
	EndGlobalSection
	GlobalSection(SolutionProperties) = preSolution
		HideSolutionNode = FALSE
	EndGlobalSection
	GlobalSection(ExtensibilityGlobals) = postSolution
		SolutionGuid = {6F5D62BD-264B-4D9D-B20E-DA6D5F7F2CBF}
	EndGlobalSection
EndGlobal
